
Microsoft Visual Studio Solution File, Format Version 12.00
# Visual Studio 2012
Project("{FAE04EC0-301F-11D3-BF4B-00C04F79EFBC}") = "Cassandra.AspNet.SessionState", "Cassandra.AspNet.SessionState.csproj", "{C9076432-E415-4C7D-BDCF-CF4A50E4DBFD}"
EndProject
Global
	GlobalSection(SolutionConfigurationPlatforms) = preSolution
		Debug|Any CPU = Debug|Any CPU
		Release|Any CPU = Release|Any CPU
	EndGlobalSection
	GlobalSection(ProjectConfigurationPlatforms) = postSolution
		{C9076432-E415-4C7D-BDCF-CF4A50E4DBFD}.Debug|Any CPU.ActiveCfg = Debug|Any CPU
		{C9076432-E415-4C7D-BDCF-CF4A50E4DBFD}.Debug|Any CPU.Build.0 = Debug|Any CPU
		{C9076432-E415-4C7D-BDCF-CF4A50E4DBFD}.Release|Any CPU.ActiveCfg = Release|Any CPU
		{C9076432-E415-4C7D-BDCF-CF4A50E4DBFD}.Release|Any CPU.Build.0 = Release|Any CPU
	EndGlobalSection
	GlobalSection(SolutionProperties) = preSolution
		HideSolutionNode = FALSE
	EndGlobalSection
EndGlobal
